
Microsoft Visual Studio Solution File, Format Version 12.00
# Visual Studio Version 17
VisualStudioVersion = 17.9.34622.214
MinimumVisualStudioVersion = 10.0.40219.1
Project("{9A19103F-16F7-4668-BE54-9A1E7A4F7556}") = "WebApplication1", "WebApplication1\WebApplication1.csproj", "{2B9272F5-6CAB-41A2-87E2-5E48D5FE3FDF}"
EndProject
Global
	GlobalSection(SolutionConfigurationPlatforms) = preSolution
		Debug|Any CPU = Debug|Any CPU
		Release|Any CPU = Release|Any CPU
	EndGlobalSection
	GlobalSection(ProjectConfigurationPlatforms) = postSolution
		{2B9272F5-6CAB-41A2-87E2-5E48D5FE3FDF}.Debug|Any CPU.ActiveCfg = Debug|Any CPU
		{2B9272F5-6CAB-41A2-87E2-5E48D5FE3FDF}.Debug|Any CPU.Build.0 = Debug|Any CPU
		{2B9272F5-6CAB-41A2-87E2-5E48D5FE3FDF}.Release|Any CPU.ActiveCfg = Release|Any CPU
		{2B9272F5-6CAB-41A2-87E2-5E48D5FE3FDF}.Release|Any CPU.Build.0 = Release|Any CPU
	EndGlobalSection
	GlobalSection(SolutionProperties) = preSolution
		HideSolutionNode = FALSE
	EndGlobalSection
	GlobalSection(ExtensibilityGlobals) = postSolution
		SolutionGuid = {81136FE7-5DA3-4284-B339-DC1A61BEA85A}
	EndGlobalSection
EndGlobal
